%{
  "amqp": {:hex, :amqp, "1.4.0", "4172595d467b9360850a8eca254c5946af9970684d335d555a9f3410a0e43995", [:mix], [{:amqp_client, "~> 3.8.0", [hex: :amqp_client, repo: "hexpm", optional: false]}], "hexpm"},
  "amqp_client": {:hex, :amqp_client, "3.8.2", "b50ac381c3c016a697d6ab8f08367043a08358cfeb8ee97832ccc7d101e59cef", [:make, :rebar3], [{:rabbit_common, "3.8.2", [hex: :rabbit_common, repo: "hexpm", optional: false]}], "hexpm"},
  "broadway": {:hex, :broadway, "0.5.0", "6fdbbb00f2fa06ea4352df4db88d9d8a71ee78279570ef92bef840f4b3c9340f", [:mix], [{:gen_stage, "~> 0.14", [hex: :gen_stage, repo: "hexpm", optional: false]}], "hexpm"},
  "broadway_rabbitmq": {:hex, :broadway_rabbitmq, "0.5.0", "cb889e6659623cb3b9340abf2bbe8fee5e8c54cbd8234d57962089e0d04200cd", [:mix], [{:amqp, "~> 1.3", [hex: :amqp, repo: "hexpm", optional: false]}, {:broadway, "~> 0.5.0", [hex: :broadway, repo: "hexpm", optional: false]}], "hexpm"},
  "credentials_obfuscation": {:hex, :credentials_obfuscation, "1.1.0", "513793cc20c18afc9e03e584b436192a751a8344890e03a8741c65c8d6866fab", [:rebar3], [], "hexpm"},
  "gen_stage": {:hex, :gen_stage, "0.14.3", "d0c66f1c87faa301c1a85a809a3ee9097a4264b2edf7644bf5c123237ef732bf", [:mix], [], "hexpm"},
  "goldrush": {:hex, :goldrush, "0.1.9", "f06e5d5f1277da5c413e84d5a2924174182fb108dabb39d5ec548b27424cd106", [:rebar3], [], "hexpm"},
  "jason": {:hex, :jason, "1.1.2", "b03dedea67a99223a2eaf9f1264ce37154564de899fd3d8b9a21b1a6fd64afe7", [:mix], [{:decimal, "~> 1.0", [hex: :decimal, repo: "hexpm", optional: true]}], "hexpm"},
  "jsx": {:hex, :jsx, "2.9.0", "d2f6e5f069c00266cad52fb15d87c428579ea4d7d73a33669e12679e203329dd", [:mix, :rebar3], [], "hexpm"},
  "lager": {:hex, :lager, "3.8.0", "3402b9a7e473680ca179fc2f1d827cab88dd37dd1e6113090c6f45ef05228a1c", [:rebar3], [{:goldrush, "0.1.9", [hex: :goldrush, repo: "hexpm", optional: false]}], "hexpm"},
  "rabbit_common": {:hex, :rabbit_common, "3.8.2", "6f5653e7ba8bbf76447b126d1ac224e1be5ed853808542bd67cbcff87fbd2493", [:make, :rebar3], [{:credentials_obfuscation, "1.1.0", [hex: :credentials_obfuscation, repo: "hexpm", optional: false]}, {:jsx, "2.9.0", [hex: :jsx, repo: "hexpm", optional: false]}, {:lager, "3.8.0", [hex: :lager, repo: "hexpm", optional: false]}, {:ranch, "1.7.1", [hex: :ranch, repo: "hexpm", optional: false]}, {:recon, "2.5.0", [hex: :recon, repo: "hexpm", optional: false]}], "hexpm"},
  "ranch": {:hex, :ranch, "1.7.1", "6b1fab51b49196860b733a49c07604465a47bdb78aa10c1c16a3d199f7f8c881", [:rebar3], [], "hexpm"},
  "recon": {:hex, :recon, "2.5.0", "2f7fcbec2c35034bade2f9717f77059dc54eb4e929a3049ca7ba6775c0bd66cd", [:mix, :rebar3], [], "hexpm"},
}
